
Microsoft Visual Studio Solution File, Format Version 12.00
# Visual Studio 15
VisualStudioVersion = 15.0.27130.2010
MinimumVisualStudioVersion = 10.0.40219.1
Project("{8BC9CEB8-8B4A-11D0-8D11-00A0C91BC942}") = "virtuawin", "virtuawin.vcxproj", "{3517D8E1-A68F-4EB4-8B87-D3474AE599C8}"
	ProjectSection(ProjectDependencies) = postProject
		{7F6B8F62-4366-47E2-9C5A-43E9630B0F3B} = {7F6B8F62-4366-47E2-9C5A-43E9630B0F3B}
		{B7BA9773-E9AF-4306-BCC1-7B5827AA5474} = {B7BA9773-E9AF-4306-BCC1-7B5827AA5474}
		{354E2FA3-0DC5-4F1B-9905-5B938EDBB9DE} = {354E2FA3-0DC5-4F1B-9905-5B938EDBB9DE}
	EndProjectSection
EndProject
Project("{8BC9CEB8-8B4A-11D0-8D11-00A0C91BC942}") = "win10", "win10.vcxproj", "{75640BB7-FA6D-4DED-A074-E4758CCEF7D1}"
EndProject
Project("{8BC9CEB8-8B4A-11D0-8D11-00A0C91BC942}") = "WinList", "WinList.vcxproj", "{7F6B8F62-4366-47E2-9C5A-43E9630B0F3B}"
	ProjectSection(ProjectDependencies) = postProject
		{354E2FA3-0DC5-4F1B-9905-5B938EDBB9DE} = {354E2FA3-0DC5-4F1B-9905-5B938EDBB9DE}
	EndProjectSection
EndProject
Project("{8BC9CEB8-8B4A-11D0-8D11-00A0C91BC942}") = "vwHook", "vwHook.vcxproj", "{354E2FA3-0DC5-4F1B-9905-5B938EDBB9DE}"
EndProject
Project("{8BC9CEB8-8B4A-11D0-8D11-00A0C91BC942}") = "Module", "Module.vcxproj", "{B7BA9773-E9AF-4306-BCC1-7B5827AA5474}"
EndProject
Global
	GlobalSection(SolutionConfigurationPlatforms) = preSolution
		Debug|Win32 = Debug|Win32
		Debug|x64 = Debug|x64
		Release|Win32 = Release|Win32
		Release|x64 = Release|x64
	EndGlobalSection
	GlobalSection(ProjectConfigurationPlatforms) = postSolution
		{3517D8E1-A68F-4EB4-8B87-D3474AE599C8}.Debug|Win32.ActiveCfg = Debug|Win32
		{3517D8E1-A68F-4EB4-8B87-D3474AE599C8}.Debug|Win32.Build.0 = Debug|Win32
		{3517D8E1-A68F-4EB4-8B87-D3474AE599C8}.Debug|x64.ActiveCfg = Debug|x64
		{3517D8E1-A68F-4EB4-8B87-D3474AE599C8}.Debug|x64.Build.0 = Debug|x64
		{3517D8E1-A68F-4EB4-8B87-D3474AE599C8}.Debug|x64.Deploy.0 = Debug|x64
		{3517D8E1-A68F-4EB4-8B87-D3474AE599C8}.Release|Win32.ActiveCfg = Release|Win32
		{3517D8E1-A68F-4EB4-8B87-D3474AE599C8}.Release|Win32.Build.0 = Release|Win32
		{3517D8E1-A68F-4EB4-8B87-D3474AE599C8}.Release|x64.ActiveCfg = Release|x64
		{3517D8E1-A68F-4EB4-8B87-D3474AE599C8}.Release|x64.Build.0 = Release|x64
		{7F6B8F62-4366-47E2-9C5A-43E9630B0F3B}.Debug|Win32.ActiveCfg = Debug|Win32
		{7F6B8F62-4366-47E2-9C5A-43E9630B0F3B}.Debug|Win32.Build.0 = Debug|Win32
		{7F6B8F62-4366-47E2-9C5A-43E9630B0F3B}.Debug|x64.ActiveCfg = Debug|Win32
		{7F6B8F62-4366-47E2-9C5A-43E9630B0F3B}.Release|Win32.ActiveCfg = Release|Win32
		{7F6B8F62-4366-47E2-9C5A-43E9630B0F3B}.Release|Win32.Build.0 = Release|Win32
		{7F6B8F62-4366-47E2-9C5A-43E9630B0F3B}.Release|x64.ActiveCfg = Release|Win32
		{75640BB7-FA6D-4DED-A074-E4758CCEF7D1}.Debug|Win32.ActiveCfg = Debug|Win32
		{75640BB7-FA6D-4DED-A074-E4758CCEF7D1}.Debug|Win32.Build.0 = Debug|Win32
		{75640BB7-FA6D-4DED-A074-E4758CCEF7D1}.Debug|x64.ActiveCfg = Debug|x64
		{75640BB7-FA6D-4DED-A074-E4758CCEF7D1}.Debug|x64.Build.0 = Debug|x64
		{75640BB7-FA6D-4DED-A074-E4758CCEF7D1}.Release|Win32.ActiveCfg = Release|Win32
		{75640BB7-FA6D-4DED-A074-E4758CCEF7D1}.Release|Win32.Build.0 = Release|Win32
		{75640BB7-FA6D-4DED-A074-E4758CCEF7D1}.Release|x64.ActiveCfg = Release|x64
		{75640BB7-FA6D-4DED-A074-E4758CCEF7D1}.Release|x64.Build.0 = Release|x64
		{354E2FA3-0DC5-4F1B-9905-5B938EDBB9DE}.Debug|Win32.ActiveCfg = Debug|Win32
		{354E2FA3-0DC5-4F1B-9905-5B938EDBB9DE}.Debug|Win32.Build.0 = Debug|Win32
		{354E2FA3-0DC5-4F1B-9905-5B938EDBB9DE}.Debug|x64.ActiveCfg = Debug|Win32
		{354E2FA3-0DC5-4F1B-9905-5B938EDBB9DE}.Release|Win32.ActiveCfg = Release|Win32
		{354E2FA3-0DC5-4F1B-9905-5B938EDBB9DE}.Release|Win32.Build.0 = Release|Win32
		{354E2FA3-0DC5-4F1B-9905-5B938EDBB9DE}.Release|x64.ActiveCfg = Release|Win32
		{B7BA9773-E9AF-4306-BCC1-7B5827AA5474}.Debug|Win32.ActiveCfg = Debug|Win32
		{B7BA9773-E9AF-4306-BCC1-7B5827AA5474}.Debug|Win32.Build.0 = Debug|Win32
		{B7BA9773-E9AF-4306-BCC1-7B5827AA5474}.Debug|x64.ActiveCfg = Debug|Win32
		{B7BA9773-E9AF-4306-BCC1-7B5827AA5474}.Release|Win32.ActiveCfg = Release|Win32
		{B7BA9773-E9AF-4306-BCC1-7B5827AA5474}.Release|Win32.Build.0 = Release|Win32
		{B7BA9773-E9AF-4306-BCC1-7B5827AA5474}.Release|x64.ActiveCfg = Release|Win32
	EndGlobalSection
	GlobalSection(SolutionProperties) = preSolution
		HideSolutionNode = FALSE
	EndGlobalSection
	GlobalSection(ExtensibilityGlobals) = postSolution
		SolutionGuid = {0C925060-875A-4492-BA51-D27723E50462}
	EndGlobalSection
EndGlobal
